// !$*UTF8*$!
{
	archiveVersion = 1;
	classes = {
	};
	objectVersion = 77;
	objects = {

/* Begin PBXContainerItemProxy section */
		14F905842DEE96A10066AFFC /* PBXContainerItemProxy */ = {
			isa = PBXContainerItemProxy;
			containerPortal = 14F905652DEE969E0066AFFC /* Project object */;
			proxyType = 1;
			remoteGlobalIDString = 14F9056C2DEE969E0066AFFC;
			remoteInfo = VNPay_Test_QuanNQ;
		};
		14F9058E2DEE96A10066AFFC /* PBXContainerItemProxy */ = {
			isa = PBXContainerItemProxy;
			containerPortal = 14F905652DEE969E0066AFFC /* Project object */;
			proxyType = 1;
			remoteGlobalIDString = 14F9056C2DEE969E0066AFFC;
			remoteInfo = VNPay_Test_QuanNQ;
		};
/* End PBXContainerItemProxy section */

/* Begin PBXFileReference section */
		14F9056D2DEE969E0066AFFC /* VNPay_Test_QuanNQ.app */ = {isa = PBXFileReference; explicitFileType = wrapper.application; includeInIndex = 0; path = VNPay_Test_QuanNQ.app; sourceTree = BUILT_PRODUCTS_DIR; };
		14F905832DEE96A10066AFFC /* VNPay_Test_QuanNQTests.xctest */ = {isa = PBXFileReference; explicitFileType = wrapper.cfbundle; includeInIndex = 0; path = VNPay_Test_QuanNQTests.xctest; sourceTree = BUILT_PRODUCTS_DIR; };
		14F9058D2DEE96A10066AFFC /* VNPay_Test_QuanNQUITests.xctest */ = {isa = PBXFileReference; explicitFileType = wrapper.cfbundle; includeInIndex = 0; path = VNPay_Test_QuanNQUITests.xctest; sourceTree = BUILT_PRODUCTS_DIR; };
/* End PBXFileReference section */

/* Begin PBXFileSystemSynchronizedBuildFileExceptionSet section */
		14F905952DEE96A20066AFFC /* Exceptions for "VNPay_Test_QuanNQ" folder in "VNPay_Test_QuanNQ" target */ = {
			isa = PBXFileSystemSynchronizedBuildFileExceptionSet;
			membershipExceptions = (
				Info.plist,
			);
			target = 14F9056C2DEE969E0066AFFC /* VNPay_Test_QuanNQ */;
		};
/* End PBXFileSystemSynchronizedBuildFileExceptionSet section */

/* Begin PBXFileSystemSynchronizedRootGroup section */
		14F9056F2DEE969E0066AFFC /* VNPay_Test_QuanNQ */ = {
			isa = PBXFileSystemSynchronizedRootGroup;
			exceptions = (
				14F905952DEE96A20066AFFC /* Exceptions for "VNPay_Test_QuanNQ" folder in "VNPay_Test_QuanNQ" target */,
			);
			path = VNPay_Test_QuanNQ;
			sourceTree = "<group>";
		};
		14F905862DEE96A10066AFFC /* VNPay_Test_QuanNQTests */ = {
			isa = PBXFileSystemSynchronizedRootGroup;
			path = VNPay_Test_QuanNQTests;
			sourceTree = "<group>";
		};
		14F905902DEE96A10066AFFC /* VNPay_Test_QuanNQUITests */ = {
			isa = PBXFileSystemSynchronizedRootGroup;
			path = VNPay_Test_QuanNQUITests;
			sourceTree = "<group>";
		};
/* End PBXFileSystemSynchronizedRootGroup section */

/* Begin PBXFrameworksBuildPhase section */
		14F9056A2DEE969E0066AFFC /* Frameworks */ = {
			isa = PBXFrameworksBuildPhase;
			buildActionMask = 2147483647;
			files = (
			);
			runOnlyForDeploymentPostprocessing = 0;
		};
		14F905802DEE96A10066AFFC /* Frameworks */ = {
			isa = PBXFrameworksBuildPhase;
			buildActionMask = 2147483647;
			files = (
			);
			runOnlyForDeploymentPostprocessing = 0;
		};
		14F9058A2DEE96A10066AFFC /* Frameworks */ = {
			isa = PBXFrameworksBuildPhase;
			buildActionMask = 2147483647;
			files = (
			);
			runOnlyForDeploymentPostprocessing = 0;
		};
/* End PBXFrameworksBuildPhase section */

/* Begin PBXGroup section */
		14F905642DEE969E0066AFFC = {
			isa = PBXGroup;
			children = (
				14F9056F2DEE969E0066AFFC /* VNPay_Test_QuanNQ */,
				14F905862DEE96A10066AFFC /* VNPay_Test_QuanNQTests */,
				14F905902DEE96A10066AFFC /* VNPay_Test_QuanNQUITests */,
				14F9056E2DEE969E0066AFFC /* Products */,
			);
			sourceTree = "<group>";
		};
		14F9056E2DEE969E0066AFFC /* Products */ = {
			isa = PBXGroup;
			children = (
				14F9056D2DEE969E0066AFFC /* VNPay_Test_QuanNQ.app */,
				14F905832DEE96A10066AFFC /* VNPay_Test_QuanNQTests.xctest */,
				14F9058D2DEE96A10066AFFC /* VNPay_Test_QuanNQUITests.xctest */,
			);
			name = Products;
			sourceTree = "<group>";
		};
/* End PBXGroup section */

/* Begin PBXNativeTarget section */
		14F9056C2DEE969E0066AFFC /* VNPay_Test_QuanNQ */ = {
			isa = PBXNativeTarget;
			buildConfigurationList = 14F905962DEE96A20066AFFC /* Build configuration list for PBXNativeTarget "VNPay_Test_QuanNQ" */;
			buildPhases = (
				14F905692DEE969E0066AFFC /* Sources */,
				14F9056A2DEE969E0066AFFC /* Frameworks */,
				14F9056B2DEE969E0066AFFC /* Resources */,
			);
			buildRules = (
			);
			dependencies = (
			);
			fileSystemSynchronizedGroups = (
				14F9056F2DEE969E0066AFFC /* VNPay_Test_QuanNQ */,
			);
			name = VNPay_Test_QuanNQ;
			packageProductDependencies = (
			);
			productName = VNPay_Test_QuanNQ;
			productReference = 14F9056D2DEE969E0066AFFC /* VNPay_Test_QuanNQ.app */;
			productType = "com.apple.product-type.application";
		};
		14F905822DEE96A10066AFFC /* VNPay_Test_QuanNQTests */ = {
			isa = PBXNativeTarget;
			buildConfigurationList = 14F9059B2DEE96A20066AFFC /* Build configuration list for PBXNativeTarget "VNPay_Test_QuanNQTests" */;
			buildPhases = (
				14F9057F2DEE96A10066AFFC /* Sources */,
				14F905802DEE96A10066AFFC /* Frameworks */,
				14F905812DEE96A10066AFFC /* Resources */,
			);
			buildRules = (
			);
			dependencies = (
				14F905852DEE96A10066AFFC /* PBXTargetDependency */,
			);
			fileSystemSynchronizedGroups = (
				14F905862DEE96A10066AFFC /* VNPay_Test_QuanNQTests */,
			);
			name = VNPay_Test_QuanNQTests;
			packageProductDependencies = (
			);
			productName = VNPay_Test_QuanNQTests;
			productReference = 14F905832DEE96A10066AFFC /* VNPay_Test_QuanNQTests.xctest */;
			productType = "com.apple.product-type.bundle.unit-test";
		};
		14F9058C2DEE96A10066AFFC /* VNPay_Test_QuanNQUITests */ = {
			isa = PBXNativeTarget;
			buildConfigurationList = 14F9059E2DEE96A20066AFFC /* Build configuration list for PBXNativeTarget "VNPay_Test_QuanNQUITests" */;
			buildPhases = (
				14F905892DEE96A10066AFFC /* Sources */,
				14F9058A2DEE96A10066AFFC /* Frameworks */,
				14F9058B2DEE96A10066AFFC /* Resources */,
			);
			buildRules = (
			);
			dependencies = (
				14F9058F2DEE96A10066AFFC /* PBXTargetDependency */,
			);
			fileSystemSynchronizedGroups = (
				14F905902DEE96A10066AFFC /* VNPay_Test_QuanNQUITests */,
			);
			name = VNPay_Test_QuanNQUITests;
			packageProductDependencies = (
			);
			productName = VNPay_Test_QuanNQUITests;
			productReference = 14F9058D2DEE96A10066AFFC /* VNPay_Test_QuanNQUITests.xctest */;
			productType = "com.apple.product-type.bundle.ui-testing";
		};
/* End PBXNativeTarget section */

/* Begin PBXProject section */
		14F905652DEE969E0066AFFC /* Project object */ = {
			isa = PBXProject;
			attributes = {
				BuildIndependentTargetsInParallel = 1;
				LastSwiftUpdateCheck = 1620;
				LastUpgradeCheck = 1620;
				TargetAttributes = {
					14F9056C2DEE969E0066AFFC = {
						CreatedOnToolsVersion = 16.2;
					};
					14F905822DEE96A10066AFFC = {
						CreatedOnToolsVersion = 16.2;
						TestTargetID = 14F9056C2DEE969E0066AFFC;
					};
					14F9058C2DEE96A10066AFFC = {
						CreatedOnToolsVersion = 16.2;
						TestTargetID = 14F9056C2DEE969E0066AFFC;
					};
				};
			};
			buildConfigurationList = 14F905682DEE969E0066AFFC /* Build configuration list for PBXProject "VNPay_Test_QuanNQ" */;
			developmentRegion = en;
			hasScannedForEncodings = 0;
			knownRegions = (
				en,
				Base,
			);
			mainGroup = 14F905642DEE969E0066AFFC;
			minimizedProjectReferenceProxies = 1;
			preferredProjectObjectVersion = 77;
			productRefGroup = 14F9056E2DEE969E0066AFFC /* Products */;
			projectDirPath = "";
			projectRoot = "";
			targets = (
				14F9056C2DEE969E0066AFFC /* VNPay_Test_QuanNQ */,
				14F905822DEE96A10066AFFC /* VNPay_Test_QuanNQTests */,
				14F9058C2DEE96A10066AFFC /* VNPay_Test_QuanNQUITests */,
			);
		};
/* End PBXProject section */

/* Begin PBXResourcesBuildPhase section */
		14F9056B2DEE969E0066AFFC /* Resources */ = {
			isa = PBXResourcesBuildPhase;
			buildActionMask = 2147483647;
			files = (
			);
			runOnlyForDeploymentPostprocessing = 0;
		};
		14F905812DEE96A10066AFFC /* Resources */ = {
			isa = PBXResourcesBuildPhase;
			buildActionMask = 2147483647;
			files = (
			);
			runOnlyForDeploymentPostprocessing = 0;
		};
		14F9058B2DEE96A10066AFFC /* Resources */ = {
			isa = PBXResourcesBuildPhase;
			buildActionMask = 2147483647;
			files = (
			);
			runOnlyForDeploymentPostprocessing = 0;
		};
/* End PBXResourcesBuildPhase section */

/* Begin PBXSourcesBuildPhase section */
		14F905692DEE969E0066AFFC /* Sources */ = {
			isa = PBXSourcesBuildPhase;
			buildActionMask = 2147483647;
			files = (
			);
			runOnlyForDeploymentPostprocessing = 0;
		};
		14F9057F2DEE96A10066AFFC /* Sources */ = {
			isa = PBXSourcesBuildPhase;
			buildActionMask = 2147483647;
			files = (
			);
			runOnlyForDeploymentPostprocessing = 0;
		};
		14F905892DEE96A10066AFFC /* Sources */ = {
			isa = PBXSourcesBuildPhase;
			buildActionMask = 2147483647;
			files = (
			);
			runOnlyForDeploymentPostprocessing = 0;
		};
/* End PBXSourcesBuildPhase section */

/* Begin PBXTargetDependency section */
		14F905852DEE96A10066AFFC /* PBXTargetDependency */ = {
			isa = PBXTargetDependency;
			target = 14F9056C2DEE969E0066AFFC /* VNPay_Test_QuanNQ */;
			targetProxy = 14F905842DEE96A10066AFFC /* PBXContainerItemProxy */;
		};
		14F9058F2DEE96A10066AFFC /* PBXTargetDependency */ = {
			isa = PBXTargetDependency;
			target = 14F9056C2DEE969E0066AFFC /* VNPay_Test_QuanNQ */;
			targetProxy = 14F9058E2DEE96A10066AFFC /* PBXContainerItemProxy */;
		};
/* End PBXTargetDependency section */

/* Begin XCBuildConfiguration section */
		14F905972DEE96A20066AFFC /* Debug */ = {
			isa = XCBuildConfiguration;
			buildSettings = {
				ASSETCATALOG_COMPILER_APPICON_NAME = AppIcon;
				ASSETCATALOG_COMPILER_GLOBAL_ACCENT_COLOR_NAME = AccentColor;
				CODE_SIGN_STYLE = Automatic;
				CURRENT_PROJECT_VERSION = 1;
				DEVELOPMENT_TEAM = S64YTF8Y3Q;
				GENERATE_INFOPLIST_FILE = YES;
				INFOPLIST_FILE = VNPay_Test_QuanNQ/Info.plist;
				INFOPLIST_KEY_UIApplicationSupportsIndirectInputEvents = YES;
				INFOPLIST_KEY_UILaunchStoryboardName = LaunchScreen;
				INFOPLIST_KEY_UIMainStoryboardFile = Main;
				INFOPLIST_KEY_UISupportedInterfaceOrientations_iPad = "UIInterfaceOrientationPortrait UIInterfaceOrientationPortraitUpsideDown UIInterfaceOrientationLandscapeLeft UIInterfaceOrientationLandscapeRight";
				INFOPLIST_KEY_UISupportedInterfaceOrientations_iPhone = "UIInterfaceOrientationPortrait UIInterfaceOrientationLandscapeLeft UIInterfaceOrientationLandscapeRight";
				IPHONEOS_DEPLOYMENT_TARGET = 13.0;
				LD_RUNPATH_SEARCH_PATHS = (
					"$(inherited)",
					"@executable_path/Frameworks",
				);
				MARKETING_VERSION = 1.0;
				PRODUCT_BUNDLE_IDENTIFIER = "com.quannq.VNPay-Test-QuanNQ";
				PRODUCT_NAME = "$(TARGET_NAME)";
				SWIFT_EMIT_LOC_STRINGS = YES;
				SWIFT_VERSION = 5.0;
				TARGETED_DEVICE_FAMILY = "1,2";
			};
			name = Debug;
		};
		14F905982DEE96A20066AFFC /* Release */ = {
			isa = XCBuildConfiguration;
			buildSettings = {
				ASSETCATALOG_COMPILER_APPICON_NAME = AppIcon;
				ASSETCATALOG_COMPILER_GLOBAL_ACCENT_COLOR_NAME = AccentColor;
				CODE_SIGN_STYLE = Automatic;
				CURRENT_PROJECT_VERSION = 1;
				DEVELOPMENT_TEAM = S64YTF8Y3Q;
				GENERATE_INFOPLIST_FILE = YES;
				INFOPLIST_FILE = VNPay_Test_QuanNQ/Info.plist;
				INFOPLIST_KEY_UIApplicationSupportsIndirectInputEvents = YES;
				INFOPLIST_KEY_UILaunchStoryboardName = LaunchScreen;
				INFOPLIST_KEY_UIMainStoryboardFile = Main;
				INFOPLIST_KEY_UISupportedInterfaceOrientations_iPad = "UIInterfaceOrientationPortrait UIInterfaceOrientationPortraitUpsideDown UIInterfaceOrientationLandscapeLeft UIInterfaceOrientationLandscapeRight";
				INFOPLIST_KEY_UISupportedInterfaceOrientations_iPhone = "UIInterfaceOrientationPortrait UIInterfaceOrientationLandscapeLeft UIInterfaceOrientationLandscapeRight";
				IPHONEOS_DEPLOYMENT_TARGET = 13.0;
				LD_RUNPATH_SEARCH_PATHS = (
					"$(inherited)",
					"@executable_path/Frameworks",
				);
				MARKETING_VERSION = 1.0;
				PRODUCT_BUNDLE_IDENTIFIER = "com.quannq.VNPay-Test-QuanNQ";
				PRODUCT_NAME = "$(TARGET_NAME)";
				SWIFT_EMIT_LOC_STRINGS = YES;
				SWIFT_VERSION = 5.0;
				TARGETED_DEVICE_FAMILY = "1,2";
			};
			name = Release;
		};
		14F905992DEE96A20066AFFC /* Debug */ = {
			isa = XCBuildConfiguration;
			buildSettings = {
				ALWAYS_SEARCH_USER_PATHS = NO;
				ASSETCATALOG_COMPILER_GENERATE_SWIFT_ASSET_SYMBOL_EXTENSIONS = YES;
				CLANG_ANALYZER_NONNULL = YES;
				CLANG_ANALYZER_NUMBER_OBJECT_CONVERSION = YES_AGGRESSIVE;
				CLANG_CXX_LANGUAGE_STANDARD = "gnu++20";
				CLANG_ENABLE_MODULES = YES;
				CLANG_ENABLE_OBJC_ARC = YES;
				CLANG_ENABLE_OBJC_WEAK = YES;
				CLANG_WARN_BLOCK_CAPTURE_AUTORELEASING = YES;
				CLANG_WARN_BOOL_CONVERSION = YES;
				CLANG_WARN_COMMA = YES;
				CLANG_WARN_CONSTANT_CONVERSION = YES;
				CLANG_WARN_DEPRECATED_OBJC_IMPLEMENTATIONS = YES;
				CLANG_WARN_DIRECT_OBJC_ISA_USAGE = YES_ERROR;
				CLANG_WARN_DOCUMENTATION_COMMENTS = YES;
				CLANG_WARN_EMPTY_BODY = YES;
				CLANG_WARN_ENUM_CONVERSION = YES;
				CLANG_WARN_INFINITE_RECURSION = YES;
				CLANG_WARN_INT_CONVERSION = YES;
				CLANG_WARN_NON_LITERAL_NULL_CONVERSION = YES;
				CLANG_WARN_OBJC_IMPLICIT_RETAIN_SELF = YES;
				CLANG_WARN_OBJC_LITERAL_CONVERSION = YES;
				CLANG_WARN_OBJC_ROOT_CLASS = YES_ERROR;
				CLANG_WARN_QUOTED_INCLUDE_IN_FRAMEWORK_HEADER = YES;
				CLANG_WARN_RANGE_LOOP_ANALYSIS = YES;
				CLANG_WARN_STRICT_PROTOTYPES = YES;
				CLANG_WARN_SUSPICIOUS_MOVE = YES;
				CLANG_WARN_UNGUARDED_AVAILABILITY = YES_AGGRESSIVE;
				CLANG_WARN_UNREACHABLE_CODE = YES;
				CLANG_WARN__DUPLICATE_METHOD_MATCH = YES;
				COPY_PHASE_STRIP = NO;
				DEBUG_INFORMATION_FORMAT = dwarf;
				ENABLE_STRICT_OBJC_MSGSEND = YES;
				ENABLE_TESTABILITY = YES;
				ENABLE_USER_SCRIPT_SANDBOXING = YES;
				GCC_C_LANGUAGE_STANDARD = gnu17;
				GCC_DYNAMIC_NO_PIC = NO;
				GCC_NO_COMMON_BLOCKS = YES;
				GCC_OPTIMIZATION_LEVEL = 0;
				GCC_PREPROCESSOR_DEFINITIONS = (
					"DEBUG=1",
					"$(inherited)",
				);
				GCC_WARN_64_TO_32_BIT_CONVERSION = YES;
				GCC_WARN_ABOUT_RETURN_TYPE = YES_ERROR;
				GCC_WARN_UNDECLARED_SELECTOR = YES;
				GCC_WARN_UNINITIALIZED_AUTOS = YES_AGGRESSIVE;
				GCC_WARN_UNUSED_FUNCTION = YES;
				GCC_WARN_UNUSED_VARIABLE = YES;
				IPHONEOS_DEPLOYMENT_TARGET = 13.0;
				LOCALIZATION_PREFERS_STRING_CATALOGS = YES;
				MTL_ENABLE_DEBUG_INFO = INCLUDE_SOURCE;
				MTL_FAST_MATH = YES;
				ONLY_ACTIVE_ARCH = YES;
				SDKROOT = iphoneos;
				SWIFT_ACTIVE_COMPILATION_CONDITIONS = "DEBUG $(inherited)";
				SWIFT_OPTIMIZATION_LEVEL = "-Onone";
			};
			name = Debug;
		};
		14F9059A2DEE96A20066AFFC /* Release */ = {
			isa = XCBuildConfiguration;
			buildSettings = {
				ALWAYS_SEARCH_USER_PATHS = NO;
				ASSETCATALOG_COMPILER_GENERATE_SWIFT_ASSET_SYMBOL_EXTENSIONS = YES;
				CLANG_ANALYZER_NONNULL = YES;
				CLANG_ANALYZER_NUMBER_OBJECT_CONVERSION = YES_AGGRESSIVE;
				CLANG_CXX_LANGUAGE_STANDARD = "gnu++20";
				CLANG_ENABLE_MODULES = YES;
				CLANG_ENABLE_OBJC_ARC = YES;
				CLANG_ENABLE_OBJC_WEAK = YES;
				CLANG_WARN_BLOCK_CAPTURE_AUTORELEASING = YES;
				CLANG_WARN_BOOL_CONVERSION = YES;
				CLANG_WARN_COMMA = YES;
				CLANG_WARN_CONSTANT_CONVERSION = YES;
				CLANG_WARN_DEPRECATED_OBJC_IMPLEMENTATIONS = YES;
				CLANG_WARN_DIRECT_OBJC_ISA_USAGE = YES_ERROR;
				CLANG_WARN_DOCUMENTATION_COMMENTS = YES;
				CLANG_WARN_EMPTY_BODY = YES;
				CLANG_WARN_ENUM_CONVERSION = YES;
				CLANG_WARN_INFINITE_RECURSION = YES;
				CLANG_WARN_INT_CONVERSION = YES;
				CLANG_WARN_NON_LITERAL_NULL_CONVERSION = YES;
				CLANG_WARN_OBJC_IMPLICIT_RETAIN_SELF = YES;
				CLANG_WARN_OBJC_LITERAL_CONVERSION = YES;
				CLANG_WARN_OBJC_ROOT_CLASS = YES_ERROR;
				CLANG_WARN_QUOTED_INCLUDE_IN_FRAMEWORK_HEADER = YES;
				CLANG_WARN_RANGE_LOOP_ANALYSIS = YES;
				CLANG_WARN_STRICT_PROTOTYPES = YES;
				CLANG_WARN_SUSPICIOUS_MOVE = YES;
				CLANG_WARN_UNGUARDED_AVAILABILITY = YES_AGGRESSIVE;
				CLANG_WARN_UNREACHABLE_CODE = YES;
				CLANG_WARN__DUPLICATE_METHOD_MATCH = YES;
				COPY_PHASE_STRIP = NO;
				DEBUG_INFORMATION_FORMAT = "dwarf-with-dsym";
				ENABLE_NS_ASSERTIONS = NO;
				ENABLE_STRICT_OBJC_MSGSEND = YES;
				ENABLE_USER_SCRIPT_SANDBOXING = YES;
				GCC_C_LANGUAGE_STANDARD = gnu17;
				GCC_NO_COMMON_BLOCKS = YES;
				GCC_WARN_64_TO_32_BIT_CONVERSION = YES;
				GCC_WARN_ABOUT_RETURN_TYPE = YES_ERROR;
				GCC_WARN_UNDECLARED_SELECTOR = YES;
				GCC_WARN_UNINITIALIZED_AUTOS = YES_AGGRESSIVE;
				GCC_WARN_UNUSED_FUNCTION = YES;
				GCC_WARN_UNUSED_VARIABLE = YES;
				IPHONEOS_DEPLOYMENT_TARGET = 13.0;
				LOCALIZATION_PREFERS_STRING_CATALOGS = YES;
				MTL_ENABLE_DEBUG_INFO = NO;
				MTL_FAST_MATH = YES;
				SDKROOT = iphoneos;
				SWIFT_COMPILATION_MODE = wholemodule;
				VALIDATE_PRODUCT = YES;
			};
			name = Release;
		};
		14F9059C2DEE96A20066AFFC /* Debug */ = {
			isa = XCBuildConfiguration;
			buildSettings = {
				BUNDLE_LOADER = "$(TEST_HOST)";
				CODE_SIGN_STYLE = Automatic;
				CURRENT_PROJECT_VERSION = 1;
				DEVELOPMENT_TEAM = S64YTF8Y3Q;
				GENERATE_INFOPLIST_FILE = YES;
				IPHONEOS_DEPLOYMENT_TARGET = 18.2;
				MARKETING_VERSION = 1.0;
				PRODUCT_BUNDLE_IDENTIFIER = "com.quannq.VNPay-Test-QuanNQTests";
				PRODUCT_NAME = "$(TARGET_NAME)";
				SWIFT_EMIT_LOC_STRINGS = NO;
				SWIFT_VERSION = 5.0;
				TARGETED_DEVICE_FAMILY = "1,2";
				TEST_HOST = "$(BUILT_PRODUCTS_DIR)/VNPay_Test_QuanNQ.app/$(BUNDLE_EXECUTABLE_FOLDER_PATH)/VNPay_Test_QuanNQ";
			};
			name = Debug;
		};
		14F9059D2DEE96A20066AFFC /* Release */ = {
			isa = XCBuildConfiguration;
			buildSettings = {
				BUNDLE_LOADER = "$(TEST_HOST)";
				CODE_SIGN_STYLE = Automatic;
				CURRENT_PROJECT_VERSION = 1;
				DEVELOPMENT_TEAM = S64YTF8Y3Q;
				GENERATE_INFOPLIST_FILE = YES;
				IPHONEOS_DEPLOYMENT_TARGET = 18.2;
				MARKETING_VERSION = 1.0;
				PRODUCT_BUNDLE_IDENTIFIER = "com.quannq.VNPay-Test-QuanNQTests";
				PRODUCT_NAME = "$(TARGET_NAME)";
				SWIFT_EMIT_LOC_STRINGS = NO;
				SWIFT_VERSION = 5.0;
				TARGETED_DEVICE_FAMILY = "1,2";
				TEST_HOST = "$(BUILT_PRODUCTS_DIR)/VNPay_Test_QuanNQ.app/$(BUNDLE_EXECUTABLE_FOLDER_PATH)/VNPay_Test_QuanNQ";
			};
			name = Release;
		};
		14F9059F2DEE96A20066AFFC /* Debug */ = {
			isa = XCBuildConfiguration;
			buildSettings = {
				CODE_SIGN_STYLE = Automatic;
				CURRENT_PROJECT_VERSION = 1;
				DEVELOPMENT_TEAM = S64YTF8Y3Q;
				GENERATE_INFOPLIST_FILE = YES;
				MARKETING_VERSION = 1.0;
				PRODUCT_BUNDLE_IDENTIFIER = "com.quannq.VNPay-Test-QuanNQUITests";
				PRODUCT_NAME = "$(TARGET_NAME)";
				SWIFT_EMIT_LOC_STRINGS = NO;
				SWIFT_VERSION = 5.0;
				TARGETED_DEVICE_FAMILY = "1,2";
				TEST_TARGET_NAME = VNPay_Test_QuanNQ;
			};
			name = Debug;
		};
		14F905A02DEE96A20066AFFC /* Release */ = {
			isa = XCBuildConfiguration;
			buildSettings = {
				CODE_SIGN_STYLE = Automatic;
				CURRENT_PROJECT_VERSION = 1;
				DEVELOPMENT_TEAM = S64YTF8Y3Q;
				GENERATE_INFOPLIST_FILE = YES;
				MARKETING_VERSION = 1.0;
				PRODUCT_BUNDLE_IDENTIFIER = "com.quannq.VNPay-Test-QuanNQUITests";
				PRODUCT_NAME = "$(TARGET_NAME)";
				SWIFT_EMIT_LOC_STRINGS = NO;
				SWIFT_VERSION = 5.0;
				TARGETED_DEVICE_FAMILY = "1,2";
				TEST_TARGET_NAME = VNPay_Test_QuanNQ;
			};
			name = Release;
		};
/* End XCBuildConfiguration section */

/* Begin XCConfigurationList section */
		14F905682DEE969E0066AFFC /* Build configuration list for PBXProject "VNPay_Test_QuanNQ" */ = {
			isa = XCConfigurationList;
			buildConfigurations = (
				14F905992DEE96A20066AFFC /* Debug */,
				14F9059A2DEE96A20066AFFC /* Release */,
			);
			defaultConfigurationIsVisible = 0;
			defaultConfigurationName = Release;
		};
		14F905962DEE96A20066AFFC /* Build configuration list for PBXNativeTarget "VNPay_Test_QuanNQ" */ = {
			isa = XCConfigurationList;
			buildConfigurations = (
				14F905972DEE96A20066AFFC /* Debug */,
				14F905982DEE96A20066AFFC /* Release */,
			);
			defaultConfigurationIsVisible = 0;
			defaultConfigurationName = Release;
		};
		14F9059B2DEE96A20066AFFC /* Build configuration list for PBXNativeTarget "VNPay_Test_QuanNQTests" */ = {
			isa = XCConfigurationList;
			buildConfigurations = (
				14F9059C2DEE96A20066AFFC /* Debug */,
				14F9059D2DEE96A20066AFFC /* Release */,
			);
			defaultConfigurationIsVisible = 0;
			defaultConfigurationName = Release;
		};
		14F9059E2DEE96A20066AFFC /* Build configuration list for PBXNativeTarget "VNPay_Test_QuanNQUITests" */ = {
			isa = XCConfigurationList;
			buildConfigurations = (
				14F9059F2DEE96A20066AFFC /* Debug */,
				14F905A02DEE96A20066AFFC /* Release */,
			);
			defaultConfigurationIsVisible = 0;
			defaultConfigurationName = Release;
		};
/* End XCConfigurationList section */
	};
	rootObject = 14F905652DEE969E0066AFFC /* Project object */;
}
